
Microsoft Visual Studio Solution File, Format Version 12.00
# Visual Studio Version 16
VisualStudioVersion = 16.0.29215.179
MinimumVisualStudioVersion = 10.0.40219.1
Project("{FAE04EC0-301F-11D3-BF4B-00C04F79EFBC}") = "NotBinaryMath", "NotBinaryMath.csproj", "{96CFE44F-45DD-46F8-9673-10ABAED7E977}"
EndProject
Global
	GlobalSection(SolutionConfigurationPlatforms) = preSolution
		Debug|Any CPU = Debug|Any CPU
		Release|Any CPU = Release|Any CPU
	EndGlobalSection
	GlobalSection(ProjectConfigurationPlatforms) = postSolution
		{96CFE44F-45DD-46F8-9673-10ABAED7E977}.Debug|Any CPU.ActiveCfg = Debug|Any CPU
		{96CFE44F-45DD-46F8-9673-10ABAED7E977}.Debug|Any CPU.Build.0 = Debug|Any CPU
		{96CFE44F-45DD-46F8-9673-10ABAED7E977}.Release|Any CPU.ActiveCfg = Release|Any CPU
		{96CFE44F-45DD-46F8-9673-10ABAED7E977}.Release|Any CPU.Build.0 = Release|Any CPU
	EndGlobalSection
	GlobalSection(SolutionProperties) = preSolution
		HideSolutionNode = FALSE
	EndGlobalSection
	GlobalSection(ExtensibilityGlobals) = postSolution
		SolutionGuid = {4C61D58E-45D9-4DDC-9730-3A374A6CDCC9}
	EndGlobalSection
EndGlobal
